{
  "name": "fucktorio-bp-hui",
  "version": "1.0.0",
  "lockfileVersion": 3,
  "requires": true,
  "packages": {
    "": {
      "name": "fucktorio-bp-hui",
      "version": "1.0.0",
      "license": "ISC",
      "dependencies": {
        "factorio-blueprint": "^2.6.5"
      }
    },
    "node_modules/factorio-blueprint": {
      "version": "2.6.5",
      "resolved": "https://registry.npmjs.org/factorio-blueprint/-/factorio-blueprint-2.6.5.tgz",
      "integrity": "sha512-BzTAr70EYs1aCZtO73cH0F0nWv/4m0ATdrJZxMd6ORDW5s0hbiNzz970X8cRDigQbHdRenmYyXnBqRp5jy/Chg=="
    }
  }
}
